// !$*UTF8*$!
{
	archiveVersion = 1;
	classes = {
	};
	objectVersion = 46;
	objects = {

/* Begin PBXBuildFile section */
		F542AB561EA3859F0048E81A /* AudioToolbox.framework in Frameworks */ = {isa = PBXBuildFile; fileRef = F542AB551EA3859F0048E81A /* AudioToolbox.framework */; };
		F542AB581EA386740048E81A /* GameController.framework in Frameworks */ = {isa = PBXBuildFile; fileRef = F542AB571EA386740048E81A /* GameController.framework */; };
		F542AB5A1EA386880048E81A /* AVFoundation.framework in Frameworks */ = {isa = PBXBuildFile; fileRef = F542AB591EA386880048E81A /* AVFoundation.framework */; };
		F542AB5C1EA386960048E81A /* CoreMotion.framework in Frameworks */ = {isa = PBXBuildFile; fileRef = F542AB5B1EA386960048E81A /* CoreMotion.framework */; };
		F542ABC51EA39FC50048E81A /* OpenGLES.framework in Frameworks */ = {isa = PBXBuildFile; fileRef = F542ABC41EA39FC50048E81A /* OpenGLES.framework */; };
		F542ABC71EA39FCC0048E81A /* GLKit.framework in Frameworks */ = {isa = PBXBuildFile; fileRef = F542ABC61EA39FCC0048E81A /* GLKit.framework */; };
		F5F538021EAB8E1B005976DF /* SDL_config.h.cmake in Resources */ = {isa = PBXBuildFile; fileRef = F5F537BA1EAB8E1B005976DF /* SDL_config.h.cmake */; };
		F5F538031EAB8E1B005976DF /* SDL_config.h.in in Resources */ = {isa = PBXBuildFile; fileRef = F5F537BB1EAB8E1B005976DF /* SDL_config.h.in */; };
		F5F538071EAB8E56005976DF /* Shader.fsh in Resources */ = {isa = PBXBuildFile; fileRef = F5F538051EAB8E56005976DF /* Shader.fsh */; };
		F5F538081EAB8E56005976DF /* Shader.vsh in Resources */ = {isa = PBXBuildFile; fileRef = F5F538061EAB8E56005976DF /* Shader.vsh */; };
		F5F538421EAB8E99005976DF /* AppDelegate.m in Sources */ = {isa = PBXBuildFile; fileRef = F5F538411EAB8E99005976DF /* AppDelegate.m */; };
		F5F538471EAB8EB5005976DF /* libSDL2.a in Frameworks */ = {isa = PBXBuildFile; fileRef = F5F538431EAB8EB5005976DF /* libSDL2.a */; };
		F5F538481EAB8EB5005976DF /* main.m in Sources */ = {isa = PBXBuildFile; fileRef = F5F538441EAB8EB5005976DF /* main.m */; };
		F5F538491EAB8EB5005976DF /* SDL_test_common.c in Sources */ = {isa = PBXBuildFile; fileRef = F5F538451EAB8EB5005976DF /* SDL_test_common.c */; };
		F5F5384A1EAB8EB5005976DF /* testgles.c in Sources */ = {isa = PBXBuildFile; fileRef = F5F538461EAB8EB5005976DF /* testgles.c */; };
		F5FD6A961EA36DDE005AEB82 /* Assets.xcassets in Resources */ = {isa = PBXBuildFile; fileRef = F5FD6A951EA36DDE005AEB82 /* Assets.xcassets */; };
/* End PBXBuildFile section */

/* Begin PBXFileReference section */
		F542AB551EA3859F0048E81A /* AudioToolbox.framework */ = {isa = PBXFileReference; lastKnownFileType = wrapper.framework; name = AudioToolbox.framework; path = System/Library/Frameworks/AudioToolbox.framework; sourceTree = SDKROOT; };
		F542AB571EA386740048E81A /* GameController.framework */ = {isa = PBXFileReference; lastKnownFileType = wrapper.framework; name = GameController.framework; path = System/Library/Frameworks/GameController.framework; sourceTree = SDKROOT; };
		F542AB591EA386880048E81A /* AVFoundation.framework */ = {isa = PBXFileReference; lastKnownFileType = wrapper.framework; name = AVFoundation.framework; path = System/Library/Frameworks/AVFoundation.framework; sourceTree = SDKROOT; };
		F542AB5B1EA386960048E81A /* CoreMotion.framework */ = {isa = PBXFileReference; lastKnownFileType = wrapper.framework; name = CoreMotion.framework; path = System/Library/Frameworks/CoreMotion.framework; sourceTree = SDKROOT; };
		F542ABC41EA39FC50048E81A /* OpenGLES.framework */ = {isa = PBXFileReference; lastKnownFileType = wrapper.framework; name = OpenGLES.framework; path = System/Library/Frameworks/OpenGLES.framework; sourceTree = SDKROOT; };
		F542ABC61EA39FCC0048E81A /* GLKit.framework */ = {isa = PBXFileReference; lastKnownFileType = wrapper.framework; name = GLKit.framework; path = System/Library/Frameworks/GLKit.framework; sourceTree = SDKROOT; };
		F5F537B01EAB8E1B005976DF /* begin_code.h */ = {isa = PBXFileReference; fileEncoding = 4; lastKnownFileType = sourcecode.c.h; path = begin_code.h; sourceTree = "<group>"; };
		F5F537B11EAB8E1B005976DF /* close_code.h */ = {isa = PBXFileReference; fileEncoding = 4; lastKnownFileType = sourcecode.c.h; path = close_code.h; sourceTree = "<group>"; };
		F5F537B21EAB8E1B005976DF /* SDL.h */ = {isa = PBXFileReference; fileEncoding = 4; lastKnownFileType = sourcecode.c.h; path = SDL.h; sourceTree = "<group>"; };
		F5F537B31EAB8E1B005976DF /* SDL_assert.h */ = {isa = PBXFileReference; fileEncoding = 4; lastKnownFileType = sourcecode.c.h; path = SDL_assert.h; sourceTree = "<group>"; };
		F5F537B41EAB8E1B005976DF /* SDL_atomic.h */ = {isa = PBXFileReference; fileEncoding = 4; lastKnownFileType = sourcecode.c.h; path = SDL_atomic.h; sourceTree = "<group>"; };
		F5F537B51EAB8E1B005976DF /* SDL_audio.h */ = {isa = PBXFileReference; fileEncoding = 4; lastKnownFileType = sourcecode.c.h; path = SDL_audio.h; sourceTree = "<group>"; };
		F5F537B61EAB8E1B005976DF /* SDL_bits.h */ = {isa = PBXFileReference; fileEncoding = 4; lastKnownFileType = sourcecode.c.h; path = SDL_bits.h; sourceTree = "<group>"; };
		F5F537B71EAB8E1B005976DF /* SDL_blendmode.h */ = {isa = PBXFileReference; fileEncoding = 4; lastKnownFileType = sourcecode.c.h; path = SDL_blendmode.h; sourceTree = "<group>"; };
		F5F537B81EAB8E1B005976DF /* SDL_clipboard.h */ = {isa = PBXFileReference; fileEncoding = 4; lastKnownFileType = sourcecode.c.h; path = SDL_clipboard.h; sourceTree = "<group>"; };
		F5F537B91EAB8E1B005976DF /* SDL_config.h */ = {isa = PBXFileReference; fileEncoding = 4; lastKnownFileType = sourcecode.c.h; path = SDL_config.h; sourceTree = "<group>"; };
		F5F537BA1EAB8E1B005976DF /* SDL_config.h.cmake */ = {isa = PBXFileReference; fileEncoding = 4; lastKnownFileType = text; path = SDL_config.h.cmake; sourceTree = "<group>"; };
		F5F537BB1EAB8E1B005976DF /* SDL_config.h.in */ = {isa = PBXFileReference; fileEncoding = 4; lastKnownFileType = text; path = SDL_config.h.in; sourceTree = "<group>"; };
		F5F537BC1EAB8E1B005976DF /* SDL_config_android.h */ = {isa = PBXFileReference; fileEncoding = 4; lastKnownFileType = sourcecode.c.h; path = SDL_config_android.h; sourceTree = "<group>"; };
		F5F537BD1EAB8E1B005976DF /* SDL_config_iphoneos.h */ = {isa = PBXFileReference; fileEncoding = 4; lastKnownFileType = sourcecode.c.h; path = SDL_config_iphoneos.h; sourceTree = "<group>"; };
		F5F537BE1EAB8E1B005976DF /* SDL_config_macosx.h */ = {isa = PBXFileReference; fileEncoding = 4; lastKnownFileType = sourcecode.c.h; path = SDL_config_macosx.h; sourceTree = "<group>"; };
		F5F537BF1EAB8E1B005976DF /* SDL_config_minimal.h */ = {isa = PBXFileReference; fileEncoding = 4; lastKnownFileType = sourcecode.c.h; path = SDL_config_minimal.h; sourceTree = "<group>"; };
		F5F537C01EAB8E1B005976DF /* SDL_config_pandora.h */ = {isa = PBXFileReference; fileEncoding = 4; lastKnownFileType = sourcecode.c.h; path = SDL_config_pandora.h; sourceTree = "<group>"; };
		F5F537C11EAB8E1B005976DF /* SDL_config_psp.h */ = {isa = PBXFileReference; fileEncoding = 4; lastKnownFileType = sourcecode.c.h; path = SDL_config_psp.h; sourceTree = "<group>"; };
		F5F537C21EAB8E1B005976DF /* SDL_config_windows.h */ = {isa = PBXFileReference; fileEncoding = 4; lastKnownFileType = sourcecode.c.h; path = SDL_config_windows.h; sourceTree = "<group>"; };
		F5F537C31EAB8E1B005976DF /* SDL_config_winrt.h */ = {isa = PBXFileReference; fileEncoding = 4; lastKnownFileType = sourcecode.c.h; path = SDL_config_winrt.h; sourceTree = "<group>"; };
		F5F537C41EAB8E1B005976DF /* SDL_config_wiz.h */ = {isa = PBXFileReference; fileEncoding = 4; lastKnownFileType = sourcecode.c.h; path = SDL_config_wiz.h; sourceTree = "<group>"; };
		F5F537C51EAB8E1B005976DF /* SDL_copying.h */ = {isa = PBXFileReference; fileEncoding = 4; lastKnownFileType = sourcecode.c.h; path = SDL_copying.h; sourceTree = "<group>"; };
		F5F537C61EAB8E1B005976DF /* SDL_cpuinfo.h */ = {isa = PBXFileReference; fileEncoding = 4; lastKnownFileType = sourcecode.c.h; path = SDL_cpuinfo.h; sourceTree = "<group>"; };
		F5F537C71EAB8E1B005976DF /* SDL_egl.h */ = {isa = PBXFileReference; fileEncoding = 4; lastKnownFileType = sourcecode.c.h; path = SDL_egl.h; sourceTree = "<group>"; };
		F5F537C81EAB8E1B005976DF /* SDL_endian.h */ = {isa = PBXFileReference; fileEncoding = 4; lastKnownFileType = sourcecode.c.h; path = SDL_endian.h; sourceTree = "<group>"; };
		F5F537C91EAB8E1B005976DF /* SDL_error.h */ = {isa = PBXFileReference; fileEncoding = 4; lastKnownFileType = sourcecode.c.h; path = SDL_error.h; sourceTree = "<group>"; };
		F5F537CA1EAB8E1B005976DF /* SDL_events.h */ = {isa = PBXFileReference; fileEncoding = 4; lastKnownFileType = sourcecode.c.h; path = SDL_events.h; sourceTree = "<group>"; };
		F5F537CB1EAB8E1B005976DF /* SDL_filesystem.h */ = {isa = PBXFileReference; fileEncoding = 4; lastKnownFileType = sourcecode.c.h; path = SDL_filesystem.h; sourceTree = "<group>"; };
		F5F537CC1EAB8E1B005976DF /* SDL_gamecontroller.h */ = {isa = PBXFileReference; fileEncoding = 4; lastKnownFileType = sourcecode.c.h; path = SDL_gamecontroller.h; sourceTree = "<group>"; };
		F5F537CD1EAB8E1B005976DF /* SDL_gesture.h */ = {isa = PBXFileReference; fileEncoding = 4; lastKnownFileType = sourcecode.c.h; path = SDL_gesture.h; sourceTree = "<group>"; };
		F5F537CE1EAB8E1B005976DF /* SDL_haptic.h */ = {isa = PBXFileReference; fileEncoding = 4; lastKnownFileType = sourcecode.c.h; path = SDL_haptic.h; sourceTree = "<group>"; };
		F5F537CF1EAB8E1B005976DF /* SDL_hints.h */ = {isa = PBXFileReference; fileEncoding = 4; lastKnownFileType = sourcecode.c.h; path = SDL_hints.h; sourceTree = "<group>"; };
		F5F537D01EAB8E1B005976DF /* SDL_joystick.h */ = {isa = PBXFileReference; fileEncoding = 4; lastKnownFileType = sourcecode.c.h; path = SDL_joystick.h; sourceTree = "<group>"; };
		F5F537D11EAB8E1B005976DF /* SDL_keyboard.h */ = {isa = PBXFileReference; fileEncoding = 4; lastKnownFileType = sourcecode.c.h; path = SDL_keyboard.h; sourceTree = "<group>"; };
		F5F537D21EAB8E1B005976DF /* SDL_keycode.h */ = {isa = PBXFileReference; fileEncoding = 4; lastKnownFileType = sourcecode.c.h; path = SDL_keycode.h; sourceTree = "<group>"; };
		F5F537D31EAB8E1B005976DF /* SDL_loadso.h */ = {isa = PBXFileReference; fileEncoding = 4; lastKnownFileType = sourcecode.c.h; path = SDL_loadso.h; sourceTree = "<group>"; };
		F5F537D41EAB8E1B005976DF /* SDL_log.h */ = {isa = PBXFileReference; fileEncoding = 4; lastKnownFileType = sourcecode.c.h; path = SDL_log.h; sourceTree = "<group>"; };
		F5F537D51EAB8E1B005976DF /* SDL_main.h */ = {isa = PBXFileReference; fileEncoding = 4; lastKnownFileType = sourcecode.c.h; path = SDL_main.h; sourceTree = "<group>"; };
		F5F537D61EAB8E1B005976DF /* SDL_messagebox.h */ = {isa = PBXFileReference; fileEncoding = 4; lastKnownFileType = sourcecode.c.h; path = SDL_messagebox.h; sourceTree = "<group>"; };
		F5F537D71EAB8E1B005976DF /* SDL_mouse.h */ = {isa = PBXFileReference; fileEncoding = 4; lastKnownFileType = sourcecode.c.h; path = SDL_mouse.h; sourceTree = "<group>"; };
		F5F537D81EAB8E1B005976DF /* SDL_mutex.h */ = {isa = PBXFileReference; fileEncoding = 4; lastKnownFileType = sourcecode.c.h; path = SDL_mutex.h; sourceTree = "<group>"; };
		F5F537D91EAB8E1B005976DF /* SDL_name.h */ = {isa = PBXFileReference; fileEncoding = 4; lastKnownFileType = sourcecode.c.h; path = SDL_name.h; sourceTree = "<group>"; };
		F5F537DA1EAB8E1B005976DF /* SDL_opengl.h */ = {isa = PBXFileReference; fileEncoding = 4; lastKnownFileType = sourcecode.c.h; path = SDL_opengl.h; sourceTree = "<group>"; };
		F5F537DB1EAB8E1B005976DF /* SDL_opengl_glext.h */ = {isa = PBXFileReference; fileEncoding = 4; lastKnownFileType = sourcecode.c.h; path = SDL_opengl_glext.h; sourceTree = "<group>"; };
		F5F537DC1EAB8E1B005976DF /* SDL_opengles.h */ = {isa = PBXFileReference; fileEncoding = 4; lastKnownFileType = sourcecode.c.h; path = SDL_opengles.h; sourceTree = "<group>"; };
		F5F537DD1EAB8E1B005976DF /* SDL_opengles2.h */ = {isa = PBXFileReference; fileEncoding = 4; lastKnownFileType = sourcecode.c.h; path = SDL_opengles2.h; sourceTree = "<group>"; };
		F5F537DE1EAB8E1B005976DF /* SDL_opengles2_gl2.h */ = {isa = PBXFileReference; fileEncoding = 4; lastKnownFileType = sourcecode.c.h; path = SDL_opengles2_gl2.h; sourceTree = "<group>"; };
		F5F537DF1EAB8E1B005976DF /* SDL_opengles2_gl2ext.h */ = {isa = PBXFileReference; fileEncoding = 4; lastKnownFileType = sourcecode.c.h; path = SDL_opengles2_gl2ext.h; sourceTree = "<group>"; };
		F5F537E01EAB8E1B005976DF /* SDL_opengles2_gl2platform.h */ = {isa = PBXFileReference; fileEncoding = 4; lastKnownFileType = sourcecode.c.h; path = SDL_opengles2_gl2platform.h; sourceTree = "<group>"; };
		F5F537E11EAB8E1B005976DF /* SDL_opengles2_khrplatform.h */ = {isa = PBXFileReference; fileEncoding = 4; lastKnownFileType = sourcecode.c.h; path = SDL_opengles2_khrplatform.h; sourceTree = "<group>"; };
		F5F537E21EAB8E1B005976DF /* SDL_pixels.h */ = {isa = PBXFileReference; fileEncoding = 4; lastKnownFileType = sourcecode.c.h; path = SDL_pixels.h; sourceTree = "<group>"; };
		F5F537E31EAB8E1B005976DF /* SDL_platform.h */ = {isa = PBXFileReference; fileEncoding = 4; lastKnownFileType = sourcecode.c.h; path = SDL_platform.h; sourceTree = "<group>"; };
		F5F537E41EAB8E1B005976DF /* SDL_power.h */ = {isa = PBXFileReference; fileEncoding = 4; lastKnownFileType = sourcecode.c.h; path = SDL_power.h; sourceTree = "<group>"; };
		F5F537E51EAB8E1B005976DF /* SDL_quit.h */ = {isa = PBXFileReference; fileEncoding = 4; lastKnownFileType = sourcecode.c.h; path = SDL_quit.h; sourceTree = "<group>"; };
		F5F537E61EAB8E1B005976DF /* SDL_rect.h */ = {isa = PBXFileReference; fileEncoding = 4; lastKnownFileType = sourcecode.c.h; path = SDL_rect.h; sourceTree = "<group>"; };
		F5F537E71EAB8E1B005976DF /* SDL_render.h */ = {isa = PBXFileReference; fileEncoding = 4; lastKnownFileType = sourcecode.c.h; path = SDL_render.h; sourceTree = "<group>"; };
		F5F537E81EAB8E1B005976DF /* SDL_revision.h */ = {isa = PBXFileReference; fileEncoding = 4; lastKnownFileType = sourcecode.c.h; path = SDL_revision.h; sourceTree = "<group>"; };
		F5F537E91EAB8E1B005976DF /* SDL_rwops.h */ = {isa = PBXFileReference; fileEncoding = 4; lastKnownFileType = sourcecode.c.h; path = SDL_rwops.h; sourceTree = "<group>"; };
		F5F537EA1EAB8E1B005976DF /* SDL_scancode.h */ = {isa = PBXFileReference; fileEncoding = 4; lastKnownFileType = sourcecode.c.h; path = SDL_scancode.h; sourceTree = "<group>"; };
		F5F537EB1EAB8E1B005976DF /* SDL_shape.h */ = {isa = PBXFileReference; fileEncoding = 4; lastKnownFileType = sourcecode.c.h; path = SDL_shape.h; sourceTree = "<group>"; };
		F5F537EC1EAB8E1B005976DF /* SDL_stdinc.h */ = {isa = PBXFileReference; fileEncoding = 4; lastKnownFileType = sourcecode.c.h; path = SDL_stdinc.h; sourceTree = "<group>"; };
		F5F537ED1EAB8E1B005976DF /* SDL_surface.h */ = {isa = PBXFileReference; fileEncoding = 4; lastKnownFileType = sourcecode.c.h; path = SDL_surface.h; sourceTree = "<group>"; };
		F5F537EE1EAB8E1B005976DF /* SDL_system.h */ = {isa = PBXFileReference; fileEncoding = 4; lastKnownFileType = sourcecode.c.h; path = SDL_system.h; sourceTree = "<group>"; };
		F5F537EF1EAB8E1B005976DF /* SDL_syswm.h */ = {isa = PBXFileReference; fileEncoding = 4; lastKnownFileType = sourcecode.c.h; path = SDL_syswm.h; sourceTree = "<group>"; };
		F5F537F01EAB8E1B005976DF /* SDL_test.h */ = {isa = PBXFileReference; fileEncoding = 4; lastKnownFileType = sourcecode.c.h; path = SDL_test.h; sourceTree = "<group>"; };
		F5F537F11EAB8E1B005976DF /* SDL_test_assert.h */ = {isa = PBXFileReference; fileEncoding = 4; lastKnownFileType = sourcecode.c.h; path = SDL_test_assert.h; sourceTree = "<group>"; };
		F5F537F21EAB8E1B005976DF /* SDL_test_common.h */ = {isa = PBXFileReference; fileEncoding = 4; lastKnownFileType = sourcecode.c.h; path = SDL_test_common.h; sourceTree = "<group>"; };
		F5F537F31EAB8E1B005976DF /* SDL_test_compare.h */ = {isa = PBXFileReference; fileEncoding = 4; lastKnownFileType = sourcecode.c.h; path = SDL_test_compare.h; sourceTree = "<group>"; };
		F5F537F41EAB8E1B005976DF /* SDL_test_crc32.h */ = {isa = PBXFileReference; fileEncoding = 4; lastKnownFileType = sourcecode.c.h; path = SDL_test_crc32.h; sourceTree = "<group>"; };
		F5F537F51EAB8E1B005976DF /* SDL_test_font.h */ = {isa = PBXFileReference; fileEncoding = 4; lastKnownFileType = sourcecode.c.h; path = SDL_test_font.h; sourceTree = "<group>"; };
		F5F537F61EAB8E1B005976DF /* SDL_test_fuzzer.h */ = {isa = PBXFileReference; fileEncoding = 4; lastKnownFileType = sourcecode.c.h; path = SDL_test_fuzzer.h; sourceTree = "<group>"; };
		F5F537F71EAB8E1B005976DF /* SDL_test_harness.h */ = {isa = PBXFileReference; fileEncoding = 4; lastKnownFileType = sourcecode.c.h; path = SDL_test_harness.h; sourceTree = "<group>"; };
		F5F537F81EAB8E1B005976DF /* SDL_test_images.h */ = {isa = PBXFileReference; fileEncoding = 4; lastKnownFileType = sourcecode.c.h; path = SDL_test_images.h; sourceTree = "<group>"; };
		F5F537F91EAB8E1B005976DF /* SDL_test_log.h */ = {isa = PBXFileReference; fileEncoding = 4; lastKnownFileType = sourcecode.c.h; path = SDL_test_log.h; sourceTree = "<group>"; };
		F5F537FA1EAB8E1B005976DF /* SDL_test_md5.h */ = {isa = PBXFileReference; fileEncoding = 4; lastKnownFileType = sourcecode.c.h; path = SDL_test_md5.h; sourceTree = "<group>"; };
		F5F537FB1EAB8E1B005976DF /* SDL_test_random.h */ = {isa = PBXFileReference; fileEncoding = 4; lastKnownFileType = sourcecode.c.h; path = SDL_test_random.h; sourceTree = "<group>"; };
		F5F537FC1EAB8E1B005976DF /* SDL_thread.h */ = {isa = PBXFileReference; fileEncoding = 4; lastKnownFileType = sourcecode.c.h; path = SDL_thread.h; sourceTree = "<group>"; };
		F5F537FD1EAB8E1B005976DF /* SDL_timer.h */ = {isa = PBXFileReference; fileEncoding = 4; lastKnownFileType = sourcecode.c.h; path = SDL_timer.h; sourceTree = "<group>"; };
		F5F537FE1EAB8E1B005976DF /* SDL_touch.h */ = {isa = PBXFileReference; fileEncoding = 4; lastKnownFileType = sourcecode.c.h; path = SDL_touch.h; sourceTree = "<group>"; };
		F5F537FF1EAB8E1B005976DF /* SDL_types.h */ = {isa = PBXFileReference; fileEncoding = 4; lastKnownFileType = sourcecode.c.h; path = SDL_types.h; sourceTree = "<group>"; };
		F5F538001EAB8E1B005976DF /* SDL_version.h */ = {isa = PBXFileReference; fileEncoding = 4; lastKnownFileType = sourcecode.c.h; path = SDL_version.h; sourceTree = "<group>"; };
		F5F538011EAB8E1B005976DF /* SDL_video.h */ = {isa = PBXFileReference; fileEncoding = 4; lastKnownFileType = sourcecode.c.h; path = SDL_video.h; sourceTree = "<group>"; };
		F5F538051EAB8E56005976DF /* Shader.fsh */ = {isa = PBXFileReference; fileEncoding = 4; lastKnownFileType = sourcecode.glsl; path = Shader.fsh; sourceTree = "<group>"; };
		F5F538061EAB8E56005976DF /* Shader.vsh */ = {isa = PBXFileReference; fileEncoding = 4; lastKnownFileType = sourcecode.glsl; path = Shader.vsh; sourceTree = "<group>"; };
		F5F538401EAB8E99005976DF /* AppDelegate.h */ = {isa = PBXFileReference; fileEncoding = 4; lastKnownFileType = sourcecode.c.h; path = AppDelegate.h; sourceTree = SOURCE_ROOT; };
		F5F538411EAB8E99005976DF /* AppDelegate.m */ = {isa = PBXFileReference; fileEncoding = 4; lastKnownFileType = sourcecode.c.objc; path = AppDelegate.m; sourceTree = SOURCE_ROOT; };
		F5F538431EAB8EB5005976DF /* libSDL2.a */ = {isa = PBXFileReference; lastKnownFileType = archive.ar; path = libSDL2.a; sourceTree = SOURCE_ROOT; };
		F5F538441EAB8EB5005976DF /* main.m */ = {isa = PBXFileReference; fileEncoding = 4; lastKnownFileType = sourcecode.c.objc; path = main.m; sourceTree = SOURCE_ROOT; };
		F5F538451EAB8EB5005976DF /* SDL_test_common.c */ = {isa = PBXFileReference; fileEncoding = 4; lastKnownFileType = sourcecode.c.c; path = SDL_test_common.c; sourceTree = SOURCE_ROOT; };
		F5F538461EAB8EB5005976DF /* testgles.c */ = {isa = PBXFileReference; fileEncoding = 4; lastKnownFileType = sourcecode.c.c; path = testgles.c; sourceTree = SOURCE_ROOT; };
		F5F5384C1EAB8F8E005976DF /* test1.app */ = {isa = PBXFileReference; explicitFileType = wrapper.application; includeInIndex = 0; path = test1.app; sourceTree = BUILT_PRODUCTS_DIR; };
		F5FD6A951EA36DDE005AEB82 /* Assets.xcassets */ = {isa = PBXFileReference; lastKnownFileType = folder.assetcatalog; path = Assets.xcassets; sourceTree = "<group>"; };
		F5FD6A9A1EA36DDE005AEB82 /* Info.plist */ = {isa = PBXFileReference; lastKnownFileType = text.plist.xml; path = Info.plist; sourceTree = "<group>"; };
		F5FD6AA31EA37371005AEB82 /* test1.xcodeproj */ = {isa = PBXFileReference; lastKnownFileType = "wrapper.pb-project"; path = test1.xcodeproj; sourceTree = "<group>"; };
/* End PBXFileReference section */

/* Begin PBXFrameworksBuildPhase section */
		F5FD6A7F1EA36DDE005AEB82 /* Frameworks */ = {
			isa = PBXFrameworksBuildPhase;
			buildActionMask = 2147483647;
			files = (
				F542ABC71EA39FCC0048E81A /* GLKit.framework in Frameworks */,
				F542ABC51EA39FC50048E81A /* OpenGLES.framework in Frameworks */,
				F542AB5C1EA386960048E81A /* CoreMotion.framework in Frameworks */,
				F542AB5A1EA386880048E81A /* AVFoundation.framework in Frameworks */,
				F5F538471EAB8EB5005976DF /* libSDL2.a in Frameworks */,
				F542AB581EA386740048E81A /* GameController.framework in Frameworks */,
				F542AB561EA3859F0048E81A /* AudioToolbox.framework in Frameworks */,
			);
			runOnlyForDeploymentPostprocessing = 0;
		};
/* End PBXFrameworksBuildPhase section */

/* Begin PBXGroup section */
		F5F537AE1EAB8E1B005976DF /* SDL2 */ = {
			isa = PBXGroup;
			children = (
				F5F537AF1EAB8E1B005976DF /* include */,
			);
			path = SDL2;
			sourceTree = SOURCE_ROOT;
		};
		F5F537AF1EAB8E1B005976DF /* include */ = {
			isa = PBXGroup;
			children = (
				F5F537B01EAB8E1B005976DF /* begin_code.h */,
				F5F537B11EAB8E1B005976DF /* close_code.h */,
				F5F537B21EAB8E1B005976DF /* SDL.h */,
				F5F537B31EAB8E1B005976DF /* SDL_assert.h */,
				F5F537B41EAB8E1B005976DF /* SDL_atomic.h */,
				F5F537B51EAB8E1B005976DF /* SDL_audio.h */,
				F5F537B61EAB8E1B005976DF /* SDL_bits.h */,
				F5F537B71EAB8E1B005976DF /* SDL_blendmode.h */,
				F5F537B81EAB8E1B005976DF /* SDL_clipboard.h */,
				F5F537B91EAB8E1B005976DF /* SDL_config.h */,
				F5F537BA1EAB8E1B005976DF /* SDL_config.h.cmake */,
				F5F537BB1EAB8E1B005976DF /* SDL_config.h.in */,
				F5F537BC1EAB8E1B005976DF /* SDL_config_android.h */,
				F5F537BD1EAB8E1B005976DF /* SDL_config_iphoneos.h */,
				F5F537BE1EAB8E1B005976DF /* SDL_config_macosx.h */,
				F5F537BF1EAB8E1B005976DF /* SDL_config_minimal.h */,
				F5F537C01EAB8E1B005976DF /* SDL_config_pandora.h */,
				F5F537C11EAB8E1B005976DF /* SDL_config_psp.h */,
				F5F537C21EAB8E1B005976DF /* SDL_config_windows.h */,
				F5F537C31EAB8E1B005976DF /* SDL_config_winrt.h */,
				F5F537C41EAB8E1B005976DF /* SDL_config_wiz.h */,
				F5F537C51EAB8E1B005976DF /* SDL_copying.h */,
				F5F537C61EAB8E1B005976DF /* SDL_cpuinfo.h */,
				F5F537C71EAB8E1B005976DF /* SDL_egl.h */,
				F5F537C81EAB8E1B005976DF /* SDL_endian.h */,
				F5F537C91EAB8E1B005976DF /* SDL_error.h */,
				F5F537CA1EAB8E1B005976DF /* SDL_events.h */,
				F5F537CB1EAB8E1B005976DF /* SDL_filesystem.h */,
				F5F537CC1EAB8E1B005976DF /* SDL_gamecontroller.h */,
				F5F537CD1EAB8E1B005976DF /* SDL_gesture.h */,
				F5F537CE1EAB8E1B005976DF /* SDL_haptic.h */,
				F5F537CF1EAB8E1B005976DF /* SDL_hints.h */,
				F5F537D01EAB8E1B005976DF /* SDL_joystick.h */,
				F5F537D11EAB8E1B005976DF /* SDL_keyboard.h */,
				F5F537D21EAB8E1B005976DF /* SDL_keycode.h */,
				F5F537D31EAB8E1B005976DF /* SDL_loadso.h */,
				F5F537D41EAB8E1B005976DF /* SDL_log.h */,
				F5F537D51EAB8E1B005976DF /* SDL_main.h */,
				F5F537D61EAB8E1B005976DF /* SDL_messagebox.h */,
				F5F537D71EAB8E1B005976DF /* SDL_mouse.h */,
				F5F537D81EAB8E1B005976DF /* SDL_mutex.h */,
				F5F537D91EAB8E1B005976DF /* SDL_name.h */,
				F5F537DA1EAB8E1B005976DF /* SDL_opengl.h */,
				F5F537DB1EAB8E1B005976DF /* SDL_opengl_glext.h */,
				F5F537DC1EAB8E1B005976DF /* SDL_opengles.h */,
				F5F537DD1EAB8E1B005976DF /* SDL_opengles2.h */,
				F5F537DE1EAB8E1B005976DF /* SDL_opengles2_gl2.h */,
				F5F537DF1EAB8E1B005976DF /* SDL_opengles2_gl2ext.h */,
				F5F537E01EAB8E1B005976DF /* SDL_opengles2_gl2platform.h */,
				F5F537E11EAB8E1B005976DF /* SDL_opengles2_khrplatform.h */,
				F5F537E21EAB8E1B005976DF /* SDL_pixels.h */,
				F5F537E31EAB8E1B005976DF /* SDL_platform.h */,
				F5F537E41EAB8E1B005976DF /* SDL_power.h */,
				F5F537E51EAB8E1B005976DF /* SDL_quit.h */,
				F5F537E61EAB8E1B005976DF /* SDL_rect.h */,
				F5F537E71EAB8E1B005976DF /* SDL_render.h */,
				F5F537E81EAB8E1B005976DF /* SDL_revision.h */,
				F5F537E91EAB8E1B005976DF /* SDL_rwops.h */,
				F5F537EA1EAB8E1B005976DF /* SDL_scancode.h */,
				F5F537EB1EAB8E1B005976DF /* SDL_shape.h */,
				F5F537EC1EAB8E1B005976DF /* SDL_stdinc.h */,
				F5F537ED1EAB8E1B005976DF /* SDL_surface.h */,
				F5F537EE1EAB8E1B005976DF /* SDL_system.h */,
				F5F537EF1EAB8E1B005976DF /* SDL_syswm.h */,
				F5F537F01EAB8E1B005976DF /* SDL_test.h */,
				F5F537F11EAB8E1B005976DF /* SDL_test_assert.h */,
				F5F537F21EAB8E1B005976DF /* SDL_test_common.h */,
				F5F537F31EAB8E1B005976DF /* SDL_test_compare.h */,
				F5F537F41EAB8E1B005976DF /* SDL_test_crc32.h */,
				F5F537F51EAB8E1B005976DF /* SDL_test_font.h */,
				F5F537F61EAB8E1B005976DF /* SDL_test_fuzzer.h */,
				F5F537F71EAB8E1B005976DF /* SDL_test_harness.h */,
				F5F537F81EAB8E1B005976DF /* SDL_test_images.h */,
				F5F537F91EAB8E1B005976DF /* SDL_test_log.h */,
				F5F537FA1EAB8E1B005976DF /* SDL_test_md5.h */,
				F5F537FB1EAB8E1B005976DF /* SDL_test_random.h */,
				F5F537FC1EAB8E1B005976DF /* SDL_thread.h */,
				F5F537FD1EAB8E1B005976DF /* SDL_timer.h */,
				F5F537FE1EAB8E1B005976DF /* SDL_touch.h */,
				F5F537FF1EAB8E1B005976DF /* SDL_types.h */,
				F5F538001EAB8E1B005976DF /* SDL_version.h */,
				F5F538011EAB8E1B005976DF /* SDL_video.h */,
			);
			path = include;
			sourceTree = "<group>";
		};
		F5F538041EAB8E56005976DF /* Shaders */ = {
			isa = PBXGroup;
			children = (
				F5F538051EAB8E56005976DF /* Shader.fsh */,
				F5F538061EAB8E56005976DF /* Shader.vsh */,
			);
			path = Shaders;
			sourceTree = SOURCE_ROOT;
		};
		F5FD6A791EA36DDE005AEB82 = {
			isa = PBXGroup;
			children = (
				F5FD6A841EA36DDE005AEB82 /* test1 */,
				F5FD6AA21EA37371005AEB82 /* Frameworks */,
				F5F5384C1EAB8F8E005976DF /* test1.app */,
			);
			sourceTree = "<group>";
		};
		F5FD6A841EA36DDE005AEB82 /* test1 */ = {
			isa = PBXGroup;
			children = (
				F5F538041EAB8E56005976DF /* Shaders */,
				F5F537AE1EAB8E1B005976DF /* SDL2 */,
				F5F538401EAB8E99005976DF /* AppDelegate.h */,
				F5F538411EAB8E99005976DF /* AppDelegate.m */,
				F5F538431EAB8EB5005976DF /* libSDL2.a */,
				F5F538441EAB8EB5005976DF /* main.m */,
				F5F538451EAB8EB5005976DF /* SDL_test_common.c */,
				F5F538461EAB8EB5005976DF /* testgles.c */,
				F5FD6A951EA36DDE005AEB82 /* Assets.xcassets */,
				F5FD6A9A1EA36DDE005AEB82 /* Info.plist */,
			);
			path = test1;
			sourceTree = "<group>";
		};
		F5FD6AA21EA37371005AEB82 /* Frameworks */ = {
			isa = PBXGroup;
			children = (
				F542ABC61EA39FCC0048E81A /* GLKit.framework */,
				F542ABC41EA39FC50048E81A /* OpenGLES.framework */,
				F542AB5B1EA386960048E81A /* CoreMotion.framework */,
				F542AB591EA386880048E81A /* AVFoundation.framework */,
				F542AB571EA386740048E81A /* GameController.framework */,
				F542AB551EA3859F0048E81A /* AudioToolbox.framework */,
				F5FD6AA31EA37371005AEB82 /* test1.xcodeproj */,
			);
			name = Frameworks;
			sourceTree = "<group>";
		};
		F5FD6AA41EA37371005AEB82 /* Products */ = {
			isa = PBXGroup;
			name = Products;
			sourceTree = "<group>";
		};
/* End PBXGroup section */

/* Begin PBXNativeTarget section */
		F5FD6A811EA36DDE005AEB82 /* test1 */ = {
			isa = PBXNativeTarget;
			buildConfigurationList = F5FD6A9D1EA36DDE005AEB82 /* Build configuration list for PBXNativeTarget "test1" */;
			buildPhases = (
				F5FD6A7E1EA36DDE005AEB82 /* Sources */,
				F5FD6A7F1EA36DDE005AEB82 /* Frameworks */,
				F5FD6A801EA36DDE005AEB82 /* Resources */,
			);
			buildRules = (
			);
			dependencies = (
			);
			name = test1;
			productName = test1;
			productReference = F5F5384C1EAB8F8E005976DF /* test1.app */;
			productType = "com.apple.product-type.application";
		};
/* End PBXNativeTarget section */

/* Begin PBXProject section */
		F5FD6A7A1EA36DDE005AEB82 /* Project object */ = {
			isa = PBXProject;
			attributes = {
				LastUpgradeCheck = 0820;
				ORGANIZATIONNAME = wyman;
				TargetAttributes = {
					F5FD6A811EA36DDE005AEB82 = {
						CreatedOnToolsVersion = 8.2.1;
						DevelopmentTeam = YFWU6D8ZM3;
						ProvisioningStyle = Automatic;
					};
				};
			};
			buildConfigurationList = F5FD6A7D1EA36DDE005AEB82 /* Build configuration list for PBXProject "test1" */;
			compatibilityVersion = "Xcode 3.2";
			developmentRegion = English;
			hasScannedForEncodings = 0;
			knownRegions = (
				en,
				Base,
				ar,
				ca,
				cs,
				da,
				Dutch,
				el,
				English,
				es_419,
				fi,
				French,
				German,
				he,
				hr,
				hu,
				id,
				Italian,
				Japanese,
				ko,
				ms,
				no,
				pl,
				pt,
				pt_PT,
				ro,
				ru,
				sk,
				Spanish,
				sv,
				th,
				tr,
				uk,
				vi,
				zh_CN,
				zh_TW,
			);
			mainGroup = F5FD6A791EA36DDE005AEB82;
			productRefGroup = F5FD6A791EA36DDE005AEB82;
			projectDirPath = "";
			projectReferences = (
				{
					ProductGroup = F5FD6AA41EA37371005AEB82 /* Products */;
					ProjectRef = F5FD6AA31EA37371005AEB82 /* test1.xcodeproj */;
				},
			);
			projectRoot = "";
			targets = (
				F5FD6A811EA36DDE005AEB82 /* test1 */,
			);
		};
/* End PBXProject section */

/* Begin PBXResourcesBuildPhase section */
		F5FD6A801EA36DDE005AEB82 /* Resources */ = {
			isa = PBXResourcesBuildPhase;
			buildActionMask = 2147483647;
			files = (
				F5F538071EAB8E56005976DF /* Shader.fsh in Resources */,
				F5F538081EAB8E56005976DF /* Shader.vsh in Resources */,
				F5FD6A961EA36DDE005AEB82 /* Assets.xcassets in Resources */,
				F5F538021EAB8E1B005976DF /* SDL_config.h.cmake in Resources */,
				F5F538031EAB8E1B005976DF /* SDL_config.h.in in Resources */,
			);
			runOnlyForDeploymentPostprocessing = 0;
		};
/* End PBXResourcesBuildPhase section */

/* Begin PBXSourcesBuildPhase section */
		F5FD6A7E1EA36DDE005AEB82 /* Sources */ = {
			isa = PBXSourcesBuildPhase;
			buildActionMask = 2147483647;
			files = (
				F5F538481EAB8EB5005976DF /* main.m in Sources */,
				F5F538421EAB8E99005976DF /* AppDelegate.m in Sources */,
				F5F538491EAB8EB5005976DF /* SDL_test_common.c in Sources */,
				F5F5384A1EAB8EB5005976DF /* testgles.c in Sources */,
			);
			runOnlyForDeploymentPostprocessing = 0;
		};
/* End PBXSourcesBuildPhase section */

/* Begin XCBuildConfiguration section */
		F5FD6A9B1EA36DDE005AEB82 /* Debug */ = {
			isa = XCBuildConfiguration;
			buildSettings = {
				ALWAYS_SEARCH_USER_PATHS = NO;
				CLANG_ANALYZER_NONNULL = YES;
				CLANG_CXX_LANGUAGE_STANDARD = "gnu++0x";
				CLANG_CXX_LIBRARY = "libc++";
				CLANG_ENABLE_MODULES = YES;
				CLANG_ENABLE_OBJC_ARC = YES;
				CLANG_WARN_BOOL_CONVERSION = YES;
				CLANG_WARN_CONSTANT_CONVERSION = YES;
				CLANG_WARN_DIRECT_OBJC_ISA_USAGE = YES_ERROR;
				CLANG_WARN_DOCUMENTATION_COMMENTS = YES;
				CLANG_WARN_EMPTY_BODY = YES;
				CLANG_WARN_ENUM_CONVERSION = YES;
				CLANG_WARN_INFINITE_RECURSION = YES;
				CLANG_WARN_INT_CONVERSION = YES;
				CLANG_WARN_OBJC_ROOT_CLASS = YES_ERROR;
				CLANG_WARN_SUSPICIOUS_MOVE = YES;
				CLANG_WARN_UNREACHABLE_CODE = YES;
				CLANG_WARN__DUPLICATE_METHOD_MATCH = YES;
				"CODE_SIGN_IDENTITY[sdk=iphoneos*]" = "iPhone Developer";
				COPY_PHASE_STRIP = NO;
				DEBUG_INFORMATION_FORMAT = dwarf;
				ENABLE_STRICT_OBJC_MSGSEND = YES;
				ENABLE_TESTABILITY = YES;
				GCC_C_LANGUAGE_STANDARD = gnu99;
				GCC_DYNAMIC_NO_PIC = NO;
				GCC_NO_COMMON_BLOCKS = YES;
				GCC_OPTIMIZATION_LEVEL = 0;
				GCC_PREPROCESSOR_DEFINITIONS = (
					"DEBUG=1",
					"$(inherited)",
				);
				GCC_WARN_64_TO_32_BIT_CONVERSION = YES;
				GCC_WARN_ABOUT_RETURN_TYPE = YES_ERROR;
				GCC_WARN_UNDECLARED_SELECTOR = YES;
				GCC_WARN_UNINITIALIZED_AUTOS = YES_AGGRESSIVE;
				GCC_WARN_UNUSED_FUNCTION = YES;
				GCC_WARN_UNUSED_VARIABLE = YES;
				IPHONEOS_DEPLOYMENT_TARGET = 10.2;
				MTL_ENABLE_DEBUG_INFO = YES;
				ONLY_ACTIVE_ARCH = YES;
				SDKROOT = iphoneos;
				TARGETED_DEVICE_FAMILY = "1,2";
			};
			name = Debug;
		};
		F5FD6A9C1EA36DDE005AEB82 /* Release */ = {
			isa = XCBuildConfiguration;
			buildSettings = {
				ALWAYS_SEARCH_USER_PATHS = NO;
				CLANG_ANALYZER_NONNULL = YES;
				CLANG_CXX_LANGUAGE_STANDARD = "gnu++0x";
				CLANG_CXX_LIBRARY = "libc++";
				CLANG_ENABLE_MODULES = YES;
				CLANG_ENABLE_OBJC_ARC = YES;
				CLANG_WARN_BOOL_CONVERSION = YES;
				CLANG_WARN_CONSTANT_CONVERSION = YES;
				CLANG_WARN_DIRECT_OBJC_ISA_USAGE = YES_ERROR;
				CLANG_WARN_DOCUMENTATION_COMMENTS = YES;
				CLANG_WARN_EMPTY_BODY = YES;
				CLANG_WARN_ENUM_CONVERSION = YES;
				CLANG_WARN_INFINITE_RECURSION = YES;
				CLANG_WARN_INT_CONVERSION = YES;
				CLANG_WARN_OBJC_ROOT_CLASS = YES_ERROR;
				CLANG_WARN_SUSPICIOUS_MOVE = YES;
				CLANG_WARN_UNREACHABLE_CODE = YES;
				CLANG_WARN__DUPLICATE_METHOD_MATCH = YES;
				"CODE_SIGN_IDENTITY[sdk=iphoneos*]" = "iPhone Developer";
				COPY_PHASE_STRIP = NO;
				DEBUG_INFORMATION_FORMAT = "dwarf-with-dsym";
				ENABLE_NS_ASSERTIONS = NO;
				ENABLE_STRICT_OBJC_MSGSEND = YES;
				GCC_C_LANGUAGE_STANDARD = gnu99;
				GCC_NO_COMMON_BLOCKS = YES;
				GCC_WARN_64_TO_32_BIT_CONVERSION = YES;
				GCC_WARN_ABOUT_RETURN_TYPE = YES_ERROR;
				GCC_WARN_UNDECLARED_SELECTOR = YES;
				GCC_WARN_UNINITIALIZED_AUTOS = YES_AGGRESSIVE;
				GCC_WARN_UNUSED_FUNCTION = YES;
				GCC_WARN_UNUSED_VARIABLE = YES;
				IPHONEOS_DEPLOYMENT_TARGET = 10.2;
				MTL_ENABLE_DEBUG_INFO = NO;
				SDKROOT = iphoneos;
				TARGETED_DEVICE_FAMILY = "1,2";
				VALIDATE_PRODUCT = YES;
			};
			name = Release;
		};
		F5FD6A9E1EA36DDE005AEB82 /* Debug */ = {
			isa = XCBuildConfiguration;
			buildSettings = {
				ASSETCATALOG_COMPILER_APPICON_NAME = AppIcon;
				DEVELOPMENT_TEAM = YFWU6D8ZM3;
				ENABLE_BITCODE = NO;
				FRAMEWORK_SEARCH_PATHS = (
					"$(inherited)",
					"$(PROJECT_DIR)",
				);
				HEADER_SEARCH_PATHS = "$(PROJECT_DIR)/SDL_test";
				INFOPLIST_FILE = test1/Info.plist;
				IPHONEOS_DEPLOYMENT_TARGET = 10.2;
				LD_RUNPATH_SEARCH_PATHS = "$(inherited) @executable_path/Frameworks";
				LIBRARY_SEARCH_PATHS = (
					"$(inherited)",
					"$(PROJECT_DIR)/test1",
					"$(PROJECT_DIR)",
				);
				PRODUCT_BUNDLE_IDENTIFIER = wyman.test1.test1;
				PRODUCT_NAME = "$(TARGET_NAME)";
			};
			name = Debug;
		};
		F5FD6A9F1EA36DDE005AEB82 /* Release */ = {
			isa = XCBuildConfiguration;
			buildSettings = {
				ASSETCATALOG_COMPILER_APPICON_NAME = AppIcon;
				DEVELOPMENT_TEAM = YFWU6D8ZM3;
				ENABLE_BITCODE = NO;
				FRAMEWORK_SEARCH_PATHS = (
					"$(inherited)",
					"$(PROJECT_DIR)",
				);
				HEADER_SEARCH_PATHS = "$(PROJECT_DIR)/SDL_test";
				INFOPLIST_FILE = test1/Info.plist;
				IPHONEOS_DEPLOYMENT_TARGET = 10.2;
				LD_RUNPATH_SEARCH_PATHS = "$(inherited) @executable_path/Frameworks";
				LIBRARY_SEARCH_PATHS = (
					"$(inherited)",
					"$(PROJECT_DIR)/test1",
					"$(PROJECT_DIR)",
				);
				PRODUCT_BUNDLE_IDENTIFIER = wyman.test1.test1;
				PRODUCT_NAME = "$(TARGET_NAME)";
			};
			name = Release;
		};
/* End XCBuildConfiguration section */

/* Begin XCConfigurationList section */
		F5FD6A7D1EA36DDE005AEB82 /* Build configuration list for PBXProject "test1" */ = {
			isa = XCConfigurationList;
			buildConfigurations = (
				F5FD6A9B1EA36DDE005AEB82 /* Debug */,
				F5FD6A9C1EA36DDE005AEB82 /* Release */,
			);
			defaultConfigurationIsVisible = 0;
			defaultConfigurationName = Release;
		};
		F5FD6A9D1EA36DDE005AEB82 /* Build configuration list for PBXNativeTarget "test1" */ = {
			isa = XCConfigurationList;
			buildConfigurations = (
				F5FD6A9E1EA36DDE005AEB82 /* Debug */,
				F5FD6A9F1EA36DDE005AEB82 /* Release */,
			);
			defaultConfigurationIsVisible = 0;
			defaultConfigurationName = Release;
		};
/* End XCConfigurationList section */
	};
	rootObject = F5FD6A7A1EA36DDE005AEB82 /* Project object */;
}
