// !$*UTF8*$!
{
	archiveVersion = 1;
	classes = {
	};
	objectVersion = 46;
	objects = {

/* Begin PBXBuildFile section */
		F5FD6A871EA36DDE005AEB82 /* main.m in Sources */ = {isa = PBXBuildFile; fileRef = F5FD6A861EA36DDE005AEB82 /* main.m */; };
		F5FD6A8A1EA36DDE005AEB82 /* AppDelegate.m in Sources */ = {isa = PBXBuildFile; fileRef = F5FD6A891EA36DDE005AEB82 /* AppDelegate.m */; };
		F5FD6A8C1EA36DDE005AEB82 /* Shader.fsh in Resources */ = {isa = PBXBuildFile; fileRef = F5FD6A8B1EA36DDE005AEB82 /* Shader.fsh */; };
		F5FD6A8E1EA36DDE005AEB82 /* Shader.vsh in Resources */ = {isa = PBXBuildFile; fileRef = F5FD6A8D1EA36DDE005AEB82 /* Shader.vsh */; };
		F5FD6A911EA36DDE005AEB82 /* GameViewController.m in Sources */ = {isa = PBXBuildFile; fileRef = F5FD6A901EA36DDE005AEB82 /* GameViewController.m */; };
		F5FD6A941EA36DDE005AEB82 /* Main.storyboard in Resources */ = {isa = PBXBuildFile; fileRef = F5FD6A921EA36DDE005AEB82 /* Main.storyboard */; };
		F5FD6A961EA36DDE005AEB82 /* Assets.xcassets in Resources */ = {isa = PBXBuildFile; fileRef = F5FD6A951EA36DDE005AEB82 /* Assets.xcassets */; };
		F5FD6A991EA36DDE005AEB82 /* LaunchScreen.storyboard in Resources */ = {isa = PBXBuildFile; fileRef = F5FD6A971EA36DDE005AEB82 /* LaunchScreen.storyboard */; };
/* End PBXBuildFile section */

/* Begin PBXFileReference section */
		F5FD6A821EA36DDE005AEB82 /* test1.app */ = {isa = PBXFileReference; explicitFileType = wrapper.application; includeInIndex = 0; path = test1.app; sourceTree = BUILT_PRODUCTS_DIR; };
		F5FD6A861EA36DDE005AEB82 /* main.m */ = {isa = PBXFileReference; lastKnownFileType = sourcecode.c.objc; path = main.m; sourceTree = "<group>"; };
		F5FD6A881EA36DDE005AEB82 /* AppDelegate.h */ = {isa = PBXFileReference; lastKnownFileType = sourcecode.c.h; path = AppDelegate.h; sourceTree = "<group>"; };
		F5FD6A891EA36DDE005AEB82 /* AppDelegate.m */ = {isa = PBXFileReference; lastKnownFileType = sourcecode.c.objc; path = AppDelegate.m; sourceTree = "<group>"; };
		F5FD6A8B1EA36DDE005AEB82 /* Shader.fsh */ = {isa = PBXFileReference; lastKnownFileType = sourcecode.glsl; name = Shader.fsh; path = Shaders/Shader.fsh; sourceTree = "<group>"; };
		F5FD6A8D1EA36DDE005AEB82 /* Shader.vsh */ = {isa = PBXFileReference; lastKnownFileType = sourcecode.glsl; name = Shader.vsh; path = Shaders/Shader.vsh; sourceTree = "<group>"; };
		F5FD6A8F1EA36DDE005AEB82 /* GameViewController.h */ = {isa = PBXFileReference; lastKnownFileType = sourcecode.c.h; path = GameViewController.h; sourceTree = "<group>"; };
		F5FD6A901EA36DDE005AEB82 /* GameViewController.m */ = {isa = PBXFileReference; lastKnownFileType = sourcecode.c.objc; path = GameViewController.m; sourceTree = "<group>"; };
		F5FD6A931EA36DDE005AEB82 /* Base */ = {isa = PBXFileReference; lastKnownFileType = file.storyboard; name = Base; path = Base.lproj/Main.storyboard; sourceTree = "<group>"; };
		F5FD6A951EA36DDE005AEB82 /* Assets.xcassets */ = {isa = PBXFileReference; lastKnownFileType = folder.assetcatalog; path = Assets.xcassets; sourceTree = "<group>"; };
		F5FD6A981EA36DDE005AEB82 /* Base */ = {isa = PBXFileReference; lastKnownFileType = file.storyboard; name = Base; path = Base.lproj/LaunchScreen.storyboard; sourceTree = "<group>"; };
		F5FD6A9A1EA36DDE005AEB82 /* Info.plist */ = {isa = PBXFileReference; lastKnownFileType = text.plist.xml; path = Info.plist; sourceTree = "<group>"; };
/* End PBXFileReference section */

/* Begin PBXFrameworksBuildPhase section */
		F5FD6A7F1EA36DDE005AEB82 /* Frameworks */ = {
			isa = PBXFrameworksBuildPhase;
			buildActionMask = 2147483647;
			files = (
			);
			runOnlyForDeploymentPostprocessing = 0;
		};
/* End PBXFrameworksBuildPhase section */

/* Begin PBXGroup section */
		F5FD6A791EA36DDE005AEB82 = {
			isa = PBXGroup;
			children = (
				F5FD6A841EA36DDE005AEB82 /* test1 */,
				F5FD6A831EA36DDE005AEB82 /* Products */,
			);
			sourceTree = "<group>";
		};
		F5FD6A831EA36DDE005AEB82 /* Products */ = {
			isa = PBXGroup;
			children = (
				F5FD6A821EA36DDE005AEB82 /* test1.app */,
			);
			name = Products;
			sourceTree = "<group>";
		};
		F5FD6A841EA36DDE005AEB82 /* test1 */ = {
			isa = PBXGroup;
			children = (
				F5FD6A881EA36DDE005AEB82 /* AppDelegate.h */,
				F5FD6A891EA36DDE005AEB82 /* AppDelegate.m */,
				F5FD6A8B1EA36DDE005AEB82 /* Shader.fsh */,
				F5FD6A8D1EA36DDE005AEB82 /* Shader.vsh */,
				F5FD6A8F1EA36DDE005AEB82 /* GameViewController.h */,
				F5FD6A901EA36DDE005AEB82 /* GameViewController.m */,
				F5FD6A921EA36DDE005AEB82 /* Main.storyboard */,
				F5FD6A951EA36DDE005AEB82 /* Assets.xcassets */,
				F5FD6A971EA36DDE005AEB82 /* LaunchScreen.storyboard */,
				F5FD6A9A1EA36DDE005AEB82 /* Info.plist */,
				F5FD6A851EA36DDE005AEB82 /* Supporting Files */,
			);
			path = test1;
			sourceTree = "<group>";
		};
		F5FD6A851EA36DDE005AEB82 /* Supporting Files */ = {
			isa = PBXGroup;
			children = (
				F5FD6A861EA36DDE005AEB82 /* main.m */,
			);
			name = "Supporting Files";
			sourceTree = "<group>";
		};
/* End PBXGroup section */

/* Begin PBXNativeTarget section */
		F5FD6A811EA36DDE005AEB82 /* test1 */ = {
			isa = PBXNativeTarget;
			buildConfigurationList = F5FD6A9D1EA36DDE005AEB82 /* Build configuration list for PBXNativeTarget "test1" */;
			buildPhases = (
				F5FD6A7E1EA36DDE005AEB82 /* Sources */,
				F5FD6A7F1EA36DDE005AEB82 /* Frameworks */,
				F5FD6A801EA36DDE005AEB82 /* Resources */,
			);
			buildRules = (
			);
			dependencies = (
			);
			name = test1;
			productName = test1;
			productReference = F5FD6A821EA36DDE005AEB82 /* test1.app */;
			productType = "com.apple.product-type.application";
		};
/* End PBXNativeTarget section */

/* Begin PBXProject section */
		F5FD6A7A1EA36DDE005AEB82 /* Project object */ = {
			isa = PBXProject;
			attributes = {
				LastUpgradeCheck = 0820;
				ORGANIZATIONNAME = wyman;
				TargetAttributes = {
					F5FD6A811EA36DDE005AEB82 = {
						CreatedOnToolsVersion = 8.2.1;
						DevelopmentTeam = YFWU6D8ZM3;
						ProvisioningStyle = Automatic;
					};
				};
			};
			buildConfigurationList = F5FD6A7D1EA36DDE005AEB82 /* Build configuration list for PBXProject "test1" */;
			compatibilityVersion = "Xcode 3.2";
			developmentRegion = English;
			hasScannedForEncodings = 0;
			knownRegions = (
				en,
				Base,
			);
			mainGroup = F5FD6A791EA36DDE005AEB82;
			productRefGroup = F5FD6A831EA36DDE005AEB82 /* Products */;
			projectDirPath = "";
			projectRoot = "";
			targets = (
				F5FD6A811EA36DDE005AEB82 /* test1 */,
			);
		};
/* End PBXProject section */

/* Begin PBXResourcesBuildPhase section */
		F5FD6A801EA36DDE005AEB82 /* Resources */ = {
			isa = PBXResourcesBuildPhase;
			buildActionMask = 2147483647;
			files = (
				F5FD6A941EA36DDE005AEB82 /* Main.storyboard in Resources */,
				F5FD6A8E1EA36DDE005AEB82 /* Shader.vsh in Resources */,
				F5FD6A961EA36DDE005AEB82 /* Assets.xcassets in Resources */,
				F5FD6A991EA36DDE005AEB82 /* LaunchScreen.storyboard in Resources */,
				F5FD6A8C1EA36DDE005AEB82 /* Shader.fsh in Resources */,
			);
			runOnlyForDeploymentPostprocessing = 0;
		};
/* End PBXResourcesBuildPhase section */

/* Begin PBXSourcesBuildPhase section */
		F5FD6A7E1EA36DDE005AEB82 /* Sources */ = {
			isa = PBXSourcesBuildPhase;
			buildActionMask = 2147483647;
			files = (
				F5FD6A8A1EA36DDE005AEB82 /* AppDelegate.m in Sources */,
				F5FD6A911EA36DDE005AEB82 /* GameViewController.m in Sources */,
				F5FD6A871EA36DDE005AEB82 /* main.m in Sources */,
			);
			runOnlyForDeploymentPostprocessing = 0;
		};
/* End PBXSourcesBuildPhase section */

/* Begin PBXVariantGroup section */
		F5FD6A921EA36DDE005AEB82 /* Main.storyboard */ = {
			isa = PBXVariantGroup;
			children = (
				F5FD6A931EA36DDE005AEB82 /* Base */,
			);
			name = Main.storyboard;
			sourceTree = "<group>";
		};
		F5FD6A971EA36DDE005AEB82 /* LaunchScreen.storyboard */ = {
			isa = PBXVariantGroup;
			children = (
				F5FD6A981EA36DDE005AEB82 /* Base */,
			);
			name = LaunchScreen.storyboard;
			sourceTree = "<group>";
		};
/* End PBXVariantGroup section */

/* Begin XCBuildConfiguration section */
		F5FD6A9B1EA36DDE005AEB82 /* Debug */ = {
			isa = XCBuildConfiguration;
			buildSettings = {
				ALWAYS_SEARCH_USER_PATHS = NO;
				CLANG_ANALYZER_NONNULL = YES;
				CLANG_CXX_LANGUAGE_STANDARD = "gnu++0x";
				CLANG_CXX_LIBRARY = "libc++";
				CLANG_ENABLE_MODULES = YES;
				CLANG_ENABLE_OBJC_ARC = YES;
				CLANG_WARN_BOOL_CONVERSION = YES;
				CLANG_WARN_CONSTANT_CONVERSION = YES;
				CLANG_WARN_DIRECT_OBJC_ISA_USAGE = YES_ERROR;
				CLANG_WARN_DOCUMENTATION_COMMENTS = YES;
				CLANG_WARN_EMPTY_BODY = YES;
				CLANG_WARN_ENUM_CONVERSION = YES;
				CLANG_WARN_INFINITE_RECURSION = YES;
				CLANG_WARN_INT_CONVERSION = YES;
				CLANG_WARN_OBJC_ROOT_CLASS = YES_ERROR;
				CLANG_WARN_SUSPICIOUS_MOVE = YES;
				CLANG_WARN_UNREACHABLE_CODE = YES;
				CLANG_WARN__DUPLICATE_METHOD_MATCH = YES;
				"CODE_SIGN_IDENTITY[sdk=iphoneos*]" = "iPhone Developer";
				COPY_PHASE_STRIP = NO;
				DEBUG_INFORMATION_FORMAT = dwarf;
				ENABLE_STRICT_OBJC_MSGSEND = YES;
				ENABLE_TESTABILITY = YES;
				GCC_C_LANGUAGE_STANDARD = gnu99;
				GCC_DYNAMIC_NO_PIC = NO;
				GCC_NO_COMMON_BLOCKS = YES;
				GCC_OPTIMIZATION_LEVEL = 0;
				GCC_PREPROCESSOR_DEFINITIONS = (
					"DEBUG=1",
					"$(inherited)",
				);
				GCC_WARN_64_TO_32_BIT_CONVERSION = YES;
				GCC_WARN_ABOUT_RETURN_TYPE = YES_ERROR;
				GCC_WARN_UNDECLARED_SELECTOR = YES;
				GCC_WARN_UNINITIALIZED_AUTOS = YES_AGGRESSIVE;
				GCC_WARN_UNUSED_FUNCTION = YES;
				GCC_WARN_UNUSED_VARIABLE = YES;
				IPHONEOS_DEPLOYMENT_TARGET = 10.2;
				MTL_ENABLE_DEBUG_INFO = YES;
				ONLY_ACTIVE_ARCH = YES;
				SDKROOT = iphoneos;
				TARGETED_DEVICE_FAMILY = "1,2";
			};
			name = Debug;
		};
		F5FD6A9C1EA36DDE005AEB82 /* Release */ = {
			isa = XCBuildConfiguration;
			buildSettings = {
				ALWAYS_SEARCH_USER_PATHS = NO;
				CLANG_ANALYZER_NONNULL = YES;
				CLANG_CXX_LANGUAGE_STANDARD = "gnu++0x";
				CLANG_CXX_LIBRARY = "libc++";
				CLANG_ENABLE_MODULES = YES;
				CLANG_ENABLE_OBJC_ARC = YES;
				CLANG_WARN_BOOL_CONVERSION = YES;
				CLANG_WARN_CONSTANT_CONVERSION = YES;
				CLANG_WARN_DIRECT_OBJC_ISA_USAGE = YES_ERROR;
				CLANG_WARN_DOCUMENTATION_COMMENTS = YES;
				CLANG_WARN_EMPTY_BODY = YES;
				CLANG_WARN_ENUM_CONVERSION = YES;
				CLANG_WARN_INFINITE_RECURSION = YES;
				CLANG_WARN_INT_CONVERSION = YES;
				CLANG_WARN_OBJC_ROOT_CLASS = YES_ERROR;
				CLANG_WARN_SUSPICIOUS_MOVE = YES;
				CLANG_WARN_UNREACHABLE_CODE = YES;
				CLANG_WARN__DUPLICATE_METHOD_MATCH = YES;
				"CODE_SIGN_IDENTITY[sdk=iphoneos*]" = "iPhone Developer";
				COPY_PHASE_STRIP = NO;
				DEBUG_INFORMATION_FORMAT = "dwarf-with-dsym";
				ENABLE_NS_ASSERTIONS = NO;
				ENABLE_STRICT_OBJC_MSGSEND = YES;
				GCC_C_LANGUAGE_STANDARD = gnu99;
				GCC_NO_COMMON_BLOCKS = YES;
				GCC_WARN_64_TO_32_BIT_CONVERSION = YES;
				GCC_WARN_ABOUT_RETURN_TYPE = YES_ERROR;
				GCC_WARN_UNDECLARED_SELECTOR = YES;
				GCC_WARN_UNINITIALIZED_AUTOS = YES_AGGRESSIVE;
				GCC_WARN_UNUSED_FUNCTION = YES;
				GCC_WARN_UNUSED_VARIABLE = YES;
				IPHONEOS_DEPLOYMENT_TARGET = 10.2;
				MTL_ENABLE_DEBUG_INFO = NO;
				SDKROOT = iphoneos;
				TARGETED_DEVICE_FAMILY = "1,2";
				VALIDATE_PRODUCT = YES;
			};
			name = Release;
		};
		F5FD6A9E1EA36DDE005AEB82 /* Debug */ = {
			isa = XCBuildConfiguration;
			buildSettings = {
				ASSETCATALOG_COMPILER_APPICON_NAME = AppIcon;
				DEVELOPMENT_TEAM = YFWU6D8ZM3;
				INFOPLIST_FILE = test1/Info.plist;
				LD_RUNPATH_SEARCH_PATHS = "$(inherited) @executable_path/Frameworks";
				PRODUCT_BUNDLE_IDENTIFIER = wyman.test1.test1;
				PRODUCT_NAME = "$(TARGET_NAME)";
			};
			name = Debug;
		};
		F5FD6A9F1EA36DDE005AEB82 /* Release */ = {
			isa = XCBuildConfiguration;
			buildSettings = {
				ASSETCATALOG_COMPILER_APPICON_NAME = AppIcon;
				DEVELOPMENT_TEAM = YFWU6D8ZM3;
				INFOPLIST_FILE = test1/Info.plist;
				LD_RUNPATH_SEARCH_PATHS = "$(inherited) @executable_path/Frameworks";
				PRODUCT_BUNDLE_IDENTIFIER = wyman.test1.test1;
				PRODUCT_NAME = "$(TARGET_NAME)";
			};
			name = Release;
		};
/* End XCBuildConfiguration section */

/* Begin XCConfigurationList section */
		F5FD6A7D1EA36DDE005AEB82 /* Build configuration list for PBXProject "test1" */ = {
			isa = XCConfigurationList;
			buildConfigurations = (
				F5FD6A9B1EA36DDE005AEB82 /* Debug */,
				F5FD6A9C1EA36DDE005AEB82 /* Release */,
			);
			defaultConfigurationIsVisible = 0;
			defaultConfigurationName = Release;
		};
		F5FD6A9D1EA36DDE005AEB82 /* Build configuration list for PBXNativeTarget "test1" */ = {
			isa = XCConfigurationList;
			buildConfigurations = (
				F5FD6A9E1EA36DDE005AEB82 /* Debug */,
				F5FD6A9F1EA36DDE005AEB82 /* Release */,
			);
			defaultConfigurationIsVisible = 0;
		};
/* End XCConfigurationList section */
	};
	rootObject = F5FD6A7A1EA36DDE005AEB82 /* Project object */;
}
